
Microsoft Visual Studio Solution File, Format Version 12.00
Project("{FAE04EC0-301F-11D3-BF4B-00C04F79EFBC}") = "AvaloniaApplication1", "AvaloniaApplication1\AvaloniaApplication1.csproj", "{77E2B7BE-675F-4156-8991-DFC61F33E4AF}"
EndProject
Project("{FAE04EC0-301F-11D3-BF4B-00C04F79EFBC}") = "AvaloniaApplication2", "AvaloniaApplication2\AvaloniaApplication2.csproj", "{AF05F956-2025-4F3A-BEFA-CF6AC7E8D787}"
EndProject
Project("{FAE04EC0-301F-11D3-BF4B-00C04F79EFBC}") = "AvaloniaApplication3", "AvaloniaApplication3\AvaloniaApplication3.csproj", "{3D2A818D-249C-476C-962D-657A4F5D6AE3}"
EndProject
Project("{FAE04EC0-301F-11D3-BF4B-00C04F79EFBC}") = "AvaloniaApplication4", "AvaloniaApplication4\AvaloniaApplication4.csproj", "{F1838FE0-F928-408D-8F22-207DC0213251}"
EndProject
Global
	GlobalSection(SolutionConfigurationPlatforms) = preSolution
		Debug|Any CPU = Debug|Any CPU
		Release|Any CPU = Release|Any CPU
	EndGlobalSection
	GlobalSection(ProjectConfigurationPlatforms) = postSolution
		{77E2B7BE-675F-4156-8991-DFC61F33E4AF}.Debug|Any CPU.ActiveCfg = Debug|Any CPU
		{77E2B7BE-675F-4156-8991-DFC61F33E4AF}.Debug|Any CPU.Build.0 = Debug|Any CPU
		{77E2B7BE-675F-4156-8991-DFC61F33E4AF}.Release|Any CPU.ActiveCfg = Release|Any CPU
		{77E2B7BE-675F-4156-8991-DFC61F33E4AF}.Release|Any CPU.Build.0 = Release|Any CPU
		{AF05F956-2025-4F3A-BEFA-CF6AC7E8D787}.Debug|Any CPU.ActiveCfg = Debug|Any CPU
		{AF05F956-2025-4F3A-BEFA-CF6AC7E8D787}.Debug|Any CPU.Build.0 = Debug|Any CPU
		{AF05F956-2025-4F3A-BEFA-CF6AC7E8D787}.Release|Any CPU.ActiveCfg = Release|Any CPU
		{AF05F956-2025-4F3A-BEFA-CF6AC7E8D787}.Release|Any CPU.Build.0 = Release|Any CPU
		{3D2A818D-249C-476C-962D-657A4F5D6AE3}.Debug|Any CPU.ActiveCfg = Debug|Any CPU
		{3D2A818D-249C-476C-962D-657A4F5D6AE3}.Debug|Any CPU.Build.0 = Debug|Any CPU
		{3D2A818D-249C-476C-962D-657A4F5D6AE3}.Release|Any CPU.ActiveCfg = Release|Any CPU
		{3D2A818D-249C-476C-962D-657A4F5D6AE3}.Release|Any CPU.Build.0 = Release|Any CPU
		{F1838FE0-F928-408D-8F22-207DC0213251}.Debug|Any CPU.ActiveCfg = Debug|Any CPU
		{F1838FE0-F928-408D-8F22-207DC0213251}.Debug|Any CPU.Build.0 = Debug|Any CPU
		{F1838FE0-F928-408D-8F22-207DC0213251}.Release|Any CPU.ActiveCfg = Release|Any CPU
		{F1838FE0-F928-408D-8F22-207DC0213251}.Release|Any CPU.Build.0 = Release|Any CPU
	EndGlobalSection
EndGlobal
